
Microsoft Visual Studio Solution File, Format Version 12.00
# Visual Studio Version 17
VisualStudioVersion = 17.6.33723.286
MinimumVisualStudioVersion = 10.0.40219.1
Project("{FAE04EC0-301F-11D3-BF4B-00C04F79EFBC}") = "Linked List", "Linked List\Linked List.csproj", "{4887AB23-A09B-489C-8C26-10841B987B35}"
EndProject
Global
	GlobalSection(SolutionConfigurationPlatforms) = preSolution
		Debug|Any CPU = Debug|Any CPU
		Release|Any CPU = Release|Any CPU
	EndGlobalSection
	GlobalSection(ProjectConfigurationPlatforms) = postSolution
		{4887AB23-A09B-489C-8C26-10841B987B35}.Debug|Any CPU.ActiveCfg = Debug|Any CPU
		{4887AB23-A09B-489C-8C26-10841B987B35}.Debug|Any CPU.Build.0 = Debug|Any CPU
		{4887AB23-A09B-489C-8C26-10841B987B35}.Release|Any CPU.ActiveCfg = Release|Any CPU
		{4887AB23-A09B-489C-8C26-10841B987B35}.Release|Any CPU.Build.0 = Release|Any CPU
	EndGlobalSection
	GlobalSection(SolutionProperties) = preSolution
		HideSolutionNode = FALSE
	EndGlobalSection
	GlobalSection(ExtensibilityGlobals) = postSolution
		SolutionGuid = {47A73696-FBDC-4975-96EB-8DD4EA453579}
	EndGlobalSection
EndGlobal
